
Microsoft Visual Studio Solution File, Format Version 12.00
# Visual Studio 15
VisualStudioVersion = 15.0.27130.2026
MinimumVisualStudioVersion = 10.0.40219.1
Project("{FAE04EC0-301F-11D3-BF4B-00C04F79EFBC}") = "DynamicCMF.Domain", "DynamicCMF.Domain\DynamicCMF.Domain.csproj", "{0AEED5B2-04D8-48FF-A34A-A9BBAAED5253}"
EndProject
Project("{FAE04EC0-301F-11D3-BF4B-00C04F79EFBC}") = "DynamicCMF.Client", "DynamicCMF.Client\DynamicCMF.Client.csproj", "{2E941702-DEE3-4078-84F1-651929728ACE}"
EndProject
Global
	GlobalSection(SolutionConfigurationPlatforms) = preSolution
		Debug|Any CPU = Debug|Any CPU
		Release|Any CPU = Release|Any CPU
	EndGlobalSection
	GlobalSection(ProjectConfigurationPlatforms) = postSolution
		{0AEED5B2-04D8-48FF-A34A-A9BBAAED5253}.Debug|Any CPU.ActiveCfg = Debug|Any CPU
		{0AEED5B2-04D8-48FF-A34A-A9BBAAED5253}.Debug|Any CPU.Build.0 = Debug|Any CPU
		{0AEED5B2-04D8-48FF-A34A-A9BBAAED5253}.Release|Any CPU.ActiveCfg = Release|Any CPU
		{0AEED5B2-04D8-48FF-A34A-A9BBAAED5253}.Release|Any CPU.Build.0 = Release|Any CPU
		{2E941702-DEE3-4078-84F1-651929728ACE}.Debug|Any CPU.ActiveCfg = Debug|Any CPU
		{2E941702-DEE3-4078-84F1-651929728ACE}.Debug|Any CPU.Build.0 = Debug|Any CPU
		{2E941702-DEE3-4078-84F1-651929728ACE}.Release|Any CPU.ActiveCfg = Release|Any CPU
		{2E941702-DEE3-4078-84F1-651929728ACE}.Release|Any CPU.Build.0 = Release|Any CPU
	EndGlobalSection
	GlobalSection(SolutionProperties) = preSolution
		HideSolutionNode = FALSE
	EndGlobalSection
	GlobalSection(ExtensibilityGlobals) = postSolution
		SolutionGuid = {7428D6D7-1473-4491-AB16-98D25B1A1917}
	EndGlobalSection
EndGlobal
